// !$*UTF8*$!
{
	archiveVersion = 1;
	classes = {
	};
	objectVersion = 46;
	objects = {

/* Begin PBXBuildFile section */
		186C234D1BAA97440023C6B6 /* main.m in Sources */ = {isa = PBXBuildFile; fileRef = 186C234C1BAA97440023C6B6 /* main.m */; };
		186C23501BAA97440023C6B6 /* AppDelegate.m in Sources */ = {isa = PBXBuildFile; fileRef = 186C234F1BAA97440023C6B6 /* AppDelegate.m */; };
		186C23531BAA97440023C6B6 /* ViewController.m in Sources */ = {isa = PBXBuildFile; fileRef = 186C23521BAA97440023C6B6 /* ViewController.m */; };
		186C23561BAA97440023C6B6 /* Main.storyboard in Resources */ = {isa = PBXBuildFile; fileRef = 186C23541BAA97440023C6B6 /* Main.storyboard */; };
		186C23581BAA97440023C6B6 /* Images.xcassets in Resources */ = {isa = PBXBuildFile; fileRef = 186C23571BAA97440023C6B6 /* Images.xcassets */; };
		186C235B1BAA97440023C6B6 /* LaunchScreen.xib in Resources */ = {isa = PBXBuildFile; fileRef = 186C23591BAA97440023C6B6 /* LaunchScreen.xib */; };
		186C23671BAA97440023C6B6 /* LittleDemoTests.m in Sources */ = {isa = PBXBuildFile; fileRef = 186C23661BAA97440023C6B6 /* LittleDemoTests.m */; };
		186C23711BAA976E0023C6B6 /* yasuo.png in Resources */ = {isa = PBXBuildFile; fileRef = 186C23701BAA976E0023C6B6 /* yasuo.png */; };
/* End PBXBuildFile section */

/* Begin PBXContainerItemProxy section */
		186C23611BAA97440023C6B6 /* PBXContainerItemProxy */ = {
			isa = PBXContainerItemProxy;
			containerPortal = 186C233F1BAA97440023C6B6 /* Project object */;
			proxyType = 1;
			remoteGlobalIDString = 186C23461BAA97440023C6B6;
			remoteInfo = LittleDemo;
		};
/* End PBXContainerItemProxy section */

/* Begin PBXFileReference section */
		186C23471BAA97440023C6B6 /* LittleDemo.app */ = {isa = PBXFileReference; explicitFileType = wrapper.application; includeInIndex = 0; path = LittleDemo.app; sourceTree = BUILT_PRODUCTS_DIR; };
		186C234B1BAA97440023C6B6 /* Info.plist */ = {isa = PBXFileReference; lastKnownFileType = text.plist.xml; path = Info.plist; sourceTree = "<group>"; };
		186C234C1BAA97440023C6B6 /* main.m */ = {isa = PBXFileReference; lastKnownFileType = sourcecode.c.objc; path = main.m; sourceTree = "<group>"; };
		186C234E1BAA97440023C6B6 /* AppDelegate.h */ = {isa = PBXFileReference; lastKnownFileType = sourcecode.c.h; path = AppDelegate.h; sourceTree = "<group>"; };
		186C234F1BAA97440023C6B6 /* AppDelegate.m */ = {isa = PBXFileReference; lastKnownFileType = sourcecode.c.objc; path = AppDelegate.m; sourceTree = "<group>"; };
		186C23511BAA97440023C6B6 /* ViewController.h */ = {isa = PBXFileReference; lastKnownFileType = sourcecode.c.h; path = ViewController.h; sourceTree = "<group>"; };
		186C23521BAA97440023C6B6 /* ViewController.m */ = {isa = PBXFileReference; lastKnownFileType = sourcecode.c.objc; path = ViewController.m; sourceTree = "<group>"; };
		186C23551BAA97440023C6B6 /* Base */ = {isa = PBXFileReference; lastKnownFileType = file.storyboard; name = Base; path = Base.lproj/Main.storyboard; sourceTree = "<group>"; };
		186C23571BAA97440023C6B6 /* Images.xcassets */ = {isa = PBXFileReference; lastKnownFileType = folder.assetcatalog; path = Images.xcassets; sourceTree = "<group>"; };
		186C235A1BAA97440023C6B6 /* Base */ = {isa = PBXFileReference; lastKnownFileType = file.xib; name = Base; path = Base.lproj/LaunchScreen.xib; sourceTree = "<group>"; };
		186C23601BAA97440023C6B6 /* LittleDemoTests.xctest */ = {isa = PBXFileReference; explicitFileType = wrapper.cfbundle; includeInIndex = 0; path = LittleDemoTests.xctest; sourceTree = BUILT_PRODUCTS_DIR; };
		186C23651BAA97440023C6B6 /* Info.plist */ = {isa = PBXFileReference; lastKnownFileType = text.plist.xml; path = Info.plist; sourceTree = "<group>"; };
		186C23661BAA97440023C6B6 /* LittleDemoTests.m */ = {isa = PBXFileReference; lastKnownFileType = sourcecode.c.objc; path = LittleDemoTests.m; sourceTree = "<group>"; };
		186C23701BAA976E0023C6B6 /* yasuo.png */ = {isa = PBXFileReference; lastKnownFileType = image.png; path = yasuo.png; sourceTree = "<group>"; };
/* End PBXFileReference section */

/* Begin PBXFrameworksBuildPhase section */
		186C23441BAA97440023C6B6 /* Frameworks */ = {
			isa = PBXFrameworksBuildPhase;
			buildActionMask = 2147483647;
			files = (
			);
			runOnlyForDeploymentPostprocessing = 0;
		};
		186C235D1BAA97440023C6B6 /* Frameworks */ = {
			isa = PBXFrameworksBuildPhase;
			buildActionMask = 2147483647;
			files = (
			);
			runOnlyForDeploymentPostprocessing = 0;
		};
/* End PBXFrameworksBuildPhase section */

/* Begin PBXGroup section */
		186C233E1BAA97440023C6B6 = {
			isa = PBXGroup;
			children = (
				186C23491BAA97440023C6B6 /* LittleDemo */,
				186C23631BAA97440023C6B6 /* LittleDemoTests */,
				186C23481BAA97440023C6B6 /* Products */,
			);
			sourceTree = "<group>";
		};
		186C23481BAA97440023C6B6 /* Products */ = {
			isa = PBXGroup;
			children = (
				186C23471BAA97440023C6B6 /* LittleDemo.app */,
				186C23601BAA97440023C6B6 /* LittleDemoTests.xctest */,
			);
			name = Products;
			sourceTree = "<group>";
		};
		186C23491BAA97440023C6B6 /* LittleDemo */ = {
			isa = PBXGroup;
			children = (
				186C234E1BAA97440023C6B6 /* AppDelegate.h */,
				186C234F1BAA97440023C6B6 /* AppDelegate.m */,
				186C23511BAA97440023C6B6 /* ViewController.h */,
				186C23701BAA976E0023C6B6 /* yasuo.png */,
				186C23521BAA97440023C6B6 /* ViewController.m */,
				186C23541BAA97440023C6B6 /* Main.storyboard */,
				186C23571BAA97440023C6B6 /* Images.xcassets */,
				186C23591BAA97440023C6B6 /* LaunchScreen.xib */,
				186C234A1BAA97440023C6B6 /* Supporting Files */,
			);
			path = LittleDemo;
			sourceTree = "<group>";
		};
		186C234A1BAA97440023C6B6 /* Supporting Files */ = {
			isa = PBXGroup;
			children = (
				186C234B1BAA97440023C6B6 /* Info.plist */,
				186C234C1BAA97440023C6B6 /* main.m */,
			);
			name = "Supporting Files";
			sourceTree = "<group>";
		};
		186C23631BAA97440023C6B6 /* LittleDemoTests */ = {
			isa = PBXGroup;
			children = (
				186C23661BAA97440023C6B6 /* LittleDemoTests.m */,
				186C23641BAA97440023C6B6 /* Supporting Files */,
			);
			path = LittleDemoTests;
			sourceTree = "<group>";
		};
		186C23641BAA97440023C6B6 /* Supporting Files */ = {
			isa = PBXGroup;
			children = (
				186C23651BAA97440023C6B6 /* Info.plist */,
			);
			name = "Supporting Files";
			sourceTree = "<group>";
		};
/* End PBXGroup section */

/* Begin PBXNativeTarget section */
		186C23461BAA97440023C6B6 /* LittleDemo */ = {
			isa = PBXNativeTarget;
			buildConfigurationList = 186C236A1BAA97440023C6B6 /* Build configuration list for PBXNativeTarget "LittleDemo" */;
			buildPhases = (
				186C23431BAA97440023C6B6 /* Sources */,
				186C23441BAA97440023C6B6 /* Frameworks */,
				186C23451BAA97440023C6B6 /* Resources */,
			);
			buildRules = (
			);
			dependencies = (
			);
			name = LittleDemo;
			productName = LittleDemo;
			productReference = 186C23471BAA97440023C6B6 /* LittleDemo.app */;
			productType = "com.apple.product-type.application";
		};
		186C235F1BAA97440023C6B6 /* LittleDemoTests */ = {
			isa = PBXNativeTarget;
			buildConfigurationList = 186C236D1BAA97440023C6B6 /* Build configuration list for PBXNativeTarget "LittleDemoTests" */;
			buildPhases = (
				186C235C1BAA97440023C6B6 /* Sources */,
				186C235D1BAA97440023C6B6 /* Frameworks */,
				186C235E1BAA97440023C6B6 /* Resources */,
			);
			buildRules = (
			);
			dependencies = (
				186C23621BAA97440023C6B6 /* PBXTargetDependency */,
			);
			name = LittleDemoTests;
			productName = LittleDemoTests;
			productReference = 186C23601BAA97440023C6B6 /* LittleDemoTests.xctest */;
			productType = "com.apple.product-type.bundle.unit-test";
		};
/* End PBXNativeTarget section */

/* Begin PBXProject section */
		186C233F1BAA97440023C6B6 /* Project object */ = {
			isa = PBXProject;
			attributes = {
				LastUpgradeCheck = 0640;
				ORGANIZATIONNAME = Johhny;
				TargetAttributes = {
					186C23461BAA97440023C6B6 = {
						CreatedOnToolsVersion = 6.4;
					};
					186C235F1BAA97440023C6B6 = {
						CreatedOnToolsVersion = 6.4;
						TestTargetID = 186C23461BAA97440023C6B6;
					};
				};
			};
			buildConfigurationList = 186C23421BAA97440023C6B6 /* Build configuration list for PBXProject "LittleDemo" */;
			compatibilityVersion = "Xcode 3.2";
			developmentRegion = English;
			hasScannedForEncodings = 0;
			knownRegions = (
				en,
				Base,
			);
			mainGroup = 186C233E1BAA97440023C6B6;
			productRefGroup = 186C23481BAA97440023C6B6 /* Products */;
			projectDirPath = "";
			projectRoot = "";
			targets = (
				186C23461BAA97440023C6B6 /* LittleDemo */,
				186C235F1BAA97440023C6B6 /* LittleDemoTests */,
			);
		};
/* End PBXProject section */

/* Begin PBXResourcesBuildPhase section */
		186C23451BAA97440023C6B6 /* Resources */ = {
			isa = PBXResourcesBuildPhase;
			buildActionMask = 2147483647;
			files = (
				186C23561BAA97440023C6B6 /* Main.storyboard in Resources */,
				186C23711BAA976E0023C6B6 /* yasuo.png in Resources */,
				186C235B1BAA97440023C6B6 /* LaunchScreen.xib in Resources */,
				186C23581BAA97440023C6B6 /* Images.xcassets in Resources */,
			);
			runOnlyForDeploymentPostprocessing = 0;
		};
		186C235E1BAA97440023C6B6 /* Resources */ = {
			isa = PBXResourcesBuildPhase;
			buildActionMask = 2147483647;
			files = (
			);
			runOnlyForDeploymentPostprocessing = 0;
		};
/* End PBXResourcesBuildPhase section */

/* Begin PBXSourcesBuildPhase section */
		186C23431BAA97440023C6B6 /* Sources */ = {
			isa = PBXSourcesBuildPhase;
			buildActionMask = 2147483647;
			files = (
				186C23531BAA97440023C6B6 /* ViewController.m in Sources */,
				186C23501BAA97440023C6B6 /* AppDelegate.m in Sources */,
				186C234D1BAA97440023C6B6 /* main.m in Sources */,
			);
			runOnlyForDeploymentPostprocessing = 0;
		};
		186C235C1BAA97440023C6B6 /* Sources */ = {
			isa = PBXSourcesBuildPhase;
			buildActionMask = 2147483647;
			files = (
				186C23671BAA97440023C6B6 /* LittleDemoTests.m in Sources */,
			);
			runOnlyForDeploymentPostprocessing = 0;
		};
/* End PBXSourcesBuildPhase section */

/* Begin PBXTargetDependency section */
		186C23621BAA97440023C6B6 /* PBXTargetDependency */ = {
			isa = PBXTargetDependency;
			target = 186C23461BAA97440023C6B6 /* LittleDemo */;
			targetProxy = 186C23611BAA97440023C6B6 /* PBXContainerItemProxy */;
		};
/* End PBXTargetDependency section */

/* Begin PBXVariantGroup section */
		186C23541BAA97440023C6B6 /* Main.storyboard */ = {
			isa = PBXVariantGroup;
			children = (
				186C23551BAA97440023C6B6 /* Base */,
			);
			name = Main.storyboard;
			sourceTree = "<group>";
		};
		186C23591BAA97440023C6B6 /* LaunchScreen.xib */ = {
			isa = PBXVariantGroup;
			children = (
				186C235A1BAA97440023C6B6 /* Base */,
			);
			name = LaunchScreen.xib;
			sourceTree = "<group>";
		};
/* End PBXVariantGroup section */

/* Begin XCBuildConfiguration section */
		186C23681BAA97440023C6B6 /* Debug */ = {
			isa = XCBuildConfiguration;
			buildSettings = {
				ALWAYS_SEARCH_USER_PATHS = NO;
				CLANG_CXX_LANGUAGE_STANDARD = "gnu++0x";
				CLANG_CXX_LIBRARY = "libc++";
				CLANG_ENABLE_MODULES = YES;
				CLANG_ENABLE_OBJC_ARC = YES;
				CLANG_WARN_BOOL_CONVERSION = YES;
				CLANG_WARN_CONSTANT_CONVERSION = YES;
				CLANG_WARN_DIRECT_OBJC_ISA_USAGE = YES_ERROR;
				CLANG_WARN_EMPTY_BODY = YES;
				CLANG_WARN_ENUM_CONVERSION = YES;
				CLANG_WARN_INT_CONVERSION = YES;
				CLANG_WARN_OBJC_ROOT_CLASS = YES_ERROR;
				CLANG_WARN_UNREACHABLE_CODE = YES;
				CLANG_WARN__DUPLICATE_METHOD_MATCH = YES;
				"CODE_SIGN_IDENTITY[sdk=iphoneos*]" = "iPhone Developer";
				COPY_PHASE_STRIP = NO;
				DEBUG_INFORMATION_FORMAT = "dwarf-with-dsym";
				ENABLE_STRICT_OBJC_MSGSEND = YES;
				GCC_C_LANGUAGE_STANDARD = gnu99;
				GCC_DYNAMIC_NO_PIC = NO;
				GCC_NO_COMMON_BLOCKS = YES;
				GCC_OPTIMIZATION_LEVEL = 0;
				GCC_PREPROCESSOR_DEFINITIONS = (
					"DEBUG=1",
					"$(inherited)",
				);
				GCC_SYMBOLS_PRIVATE_EXTERN = NO;
				GCC_WARN_64_TO_32_BIT_CONVERSION = YES;
				GCC_WARN_ABOUT_RETURN_TYPE = YES_ERROR;
				GCC_WARN_UNDECLARED_SELECTOR = YES;
				GCC_WARN_UNINITIALIZED_AUTOS = YES_AGGRESSIVE;
				GCC_WARN_UNUSED_FUNCTION = YES;
				GCC_WARN_UNUSED_VARIABLE = YES;
				IPHONEOS_DEPLOYMENT_TARGET = 8.4;
				MTL_ENABLE_DEBUG_INFO = YES;
				ONLY_ACTIVE_ARCH = YES;
				SDKROOT = iphoneos;
			};
			name = Debug;
		};
		186C23691BAA97440023C6B6 /* Release */ = {
			isa = XCBuildConfiguration;
			buildSettings = {
				ALWAYS_SEARCH_USER_PATHS = NO;
				CLANG_CXX_LANGUAGE_STANDARD = "gnu++0x";
				CLANG_CXX_LIBRARY = "libc++";
				CLANG_ENABLE_MODULES = YES;
				CLANG_ENABLE_OBJC_ARC = YES;
				CLANG_WARN_BOOL_CONVERSION = YES;
				CLANG_WARN_CONSTANT_CONVERSION = YES;
				CLANG_WARN_DIRECT_OBJC_ISA_USAGE = YES_ERROR;
				CLANG_WARN_EMPTY_BODY = YES;
				CLANG_WARN_ENUM_CONVERSION = YES;
				CLANG_WARN_INT_CONVERSION = YES;
				CLANG_WARN_OBJC_ROOT_CLASS = YES_ERROR;
				CLANG_WARN_UNREACHABLE_CODE = YES;
				CLANG_WARN__DUPLICATE_METHOD_MATCH = YES;
				"CODE_SIGN_IDENTITY[sdk=iphoneos*]" = "iPhone Developer";
				COPY_PHASE_STRIP = NO;
				DEBUG_INFORMATION_FORMAT = "dwarf-with-dsym";
				ENABLE_NS_ASSERTIONS = NO;
				ENABLE_STRICT_OBJC_MSGSEND = YES;
				GCC_C_LANGUAGE_STANDARD = gnu99;
				GCC_NO_COMMON_BLOCKS = YES;
				GCC_WARN_64_TO_32_BIT_CONVERSION = YES;
				GCC_WARN_ABOUT_RETURN_TYPE = YES_ERROR;
				GCC_WARN_UNDECLARED_SELECTOR = YES;
				GCC_WARN_UNINITIALIZED_AUTOS = YES_AGGRESSIVE;
				GCC_WARN_UNUSED_FUNCTION = YES;
				GCC_WARN_UNUSED_VARIABLE = YES;
				IPHONEOS_DEPLOYMENT_TARGET = 8.4;
				MTL_ENABLE_DEBUG_INFO = NO;
				SDKROOT = iphoneos;
				VALIDATE_PRODUCT = YES;
			};
			name = Release;
		};
		186C236B1BAA97440023C6B6 /* Debug */ = {
			isa = XCBuildConfiguration;
			buildSettings = {
				ASSETCATALOG_COMPILER_APPICON_NAME = AppIcon;
				INFOPLIST_FILE = LittleDemo/Info.plist;
				LD_RUNPATH_SEARCH_PATHS = "$(inherited) @executable_path/Frameworks";
				PRODUCT_NAME = "$(TARGET_NAME)";
				TARGETED_DEVICE_FAMILY = "1,2";
			};
			name = Debug;
		};
		186C236C1BAA97440023C6B6 /* Release */ = {
			isa = XCBuildConfiguration;
			buildSettings = {
				ASSETCATALOG_COMPILER_APPICON_NAME = AppIcon;
				INFOPLIST_FILE = LittleDemo/Info.plist;
				LD_RUNPATH_SEARCH_PATHS = "$(inherited) @executable_path/Frameworks";
				PRODUCT_NAME = "$(TARGET_NAME)";
				TARGETED_DEVICE_FAMILY = "1,2";
			};
			name = Release;
		};
		186C236E1BAA97440023C6B6 /* Debug */ = {
			isa = XCBuildConfiguration;
			buildSettings = {
				BUNDLE_LOADER = "$(TEST_HOST)";
				FRAMEWORK_SEARCH_PATHS = (
					"$(SDKROOT)/Developer/Library/Frameworks",
					"$(inherited)",
				);
				GCC_PREPROCESSOR_DEFINITIONS = (
					"DEBUG=1",
					"$(inherited)",
				);
				INFOPLIST_FILE = LittleDemoTests/Info.plist;
				LD_RUNPATH_SEARCH_PATHS = "$(inherited) @executable_path/Frameworks @loader_path/Frameworks";
				PRODUCT_NAME = "$(TARGET_NAME)";
				TEST_HOST = "$(BUILT_PRODUCTS_DIR)/LittleDemo.app/LittleDemo";
			};
			name = Debug;
		};
		186C236F1BAA97440023C6B6 /* Release */ = {
			isa = XCBuildConfiguration;
			buildSettings = {
				BUNDLE_LOADER = "$(TEST_HOST)";
				FRAMEWORK_SEARCH_PATHS = (
					"$(SDKROOT)/Developer/Library/Frameworks",
					"$(inherited)",
				);
				INFOPLIST_FILE = LittleDemoTests/Info.plist;
				LD_RUNPATH_SEARCH_PATHS = "$(inherited) @executable_path/Frameworks @loader_path/Frameworks";
				PRODUCT_NAME = "$(TARGET_NAME)";
				TEST_HOST = "$(BUILT_PRODUCTS_DIR)/LittleDemo.app/LittleDemo";
			};
			name = Release;
		};
/* End XCBuildConfiguration section */

/* Begin XCConfigurationList section */
		186C23421BAA97440023C6B6 /* Build configuration list for PBXProject "LittleDemo" */ = {
			isa = XCConfigurationList;
			buildConfigurations = (
				186C23681BAA97440023C6B6 /* Debug */,
				186C23691BAA97440023C6B6 /* Release */,
			);
			defaultConfigurationIsVisible = 0;
			defaultConfigurationName = Release;
		};
		186C236A1BAA97440023C6B6 /* Build configuration list for PBXNativeTarget "LittleDemo" */ = {
			isa = XCConfigurationList;
			buildConfigurations = (
				186C236B1BAA97440023C6B6 /* Debug */,
				186C236C1BAA97440023C6B6 /* Release */,
			);
			defaultConfigurationIsVisible = 0;
		};
		186C236D1BAA97440023C6B6 /* Build configuration list for PBXNativeTarget "LittleDemoTests" */ = {
			isa = XCConfigurationList;
			buildConfigurations = (
				186C236E1BAA97440023C6B6 /* Debug */,
				186C236F1BAA97440023C6B6 /* Release */,
			);
			defaultConfigurationIsVisible = 0;
		};
/* End XCConfigurationList section */
	};
	rootObject = 186C233F1BAA97440023C6B6 /* Project object */;
}
